
Microsoft Visual Studio Solution File, Format Version 12.00
# Visual Studio Version 16
VisualStudioVersion = 16.0.31129.286
MinimumVisualStudioVersion = 10.0.40219.1
Project("{FAE04EC0-301F-11D3-BF4B-00C04F79EFBC}") = "EZVax_Final", "EZVax_Final.csproj", "{C2D77B81-D281-4C04-9F6F-313EB6DCF82C}"
EndProject
Global
	GlobalSection(SolutionConfigurationPlatforms) = preSolution
		Debug|Any CPU = Debug|Any CPU
		Release|Any CPU = Release|Any CPU
	EndGlobalSection
	GlobalSection(ProjectConfigurationPlatforms) = postSolution
		{C2D77B81-D281-4C04-9F6F-313EB6DCF82C}.Debug|Any CPU.ActiveCfg = Debug|Any CPU
		{C2D77B81-D281-4C04-9F6F-313EB6DCF82C}.Debug|Any CPU.Build.0 = Debug|Any CPU
		{C2D77B81-D281-4C04-9F6F-313EB6DCF82C}.Release|Any CPU.ActiveCfg = Release|Any CPU
		{C2D77B81-D281-4C04-9F6F-313EB6DCF82C}.Release|Any CPU.Build.0 = Release|Any CPU
	EndGlobalSection
	GlobalSection(SolutionProperties) = preSolution
		HideSolutionNode = FALSE
	EndGlobalSection
	GlobalSection(ExtensibilityGlobals) = postSolution
		SolutionGuid = {9BB96B49-1B79-498C-8F07-07189645EE4F}
	EndGlobalSection
EndGlobal
