
Microsoft Visual Studio Solution File, Format Version 12.00
# Visual Studio Version 16
VisualStudioVersion = 16.0.28803.452
MinimumVisualStudioVersion = 10.0.40219.1
Project("{FAE04EC0-301F-11D3-BF4B-00C04F79EFBC}") = "ezvax", "ezvax\ezvax.csproj", "{A2166B1F-75E0-4AE8-A92E-17CA3DCE09D2}"
EndProject
Global
	GlobalSection(SolutionConfigurationPlatforms) = preSolution
		Debug|Any CPU = Debug|Any CPU
		Release|Any CPU = Release|Any CPU
	EndGlobalSection
	GlobalSection(ProjectConfigurationPlatforms) = postSolution
		{A2166B1F-75E0-4AE8-A92E-17CA3DCE09D2}.Debug|Any CPU.ActiveCfg = Debug|Any CPU
		{A2166B1F-75E0-4AE8-A92E-17CA3DCE09D2}.Debug|Any CPU.Build.0 = Debug|Any CPU
		{A2166B1F-75E0-4AE8-A92E-17CA3DCE09D2}.Release|Any CPU.ActiveCfg = Release|Any CPU
		{A2166B1F-75E0-4AE8-A92E-17CA3DCE09D2}.Release|Any CPU.Build.0 = Release|Any CPU
	EndGlobalSection
	GlobalSection(SolutionProperties) = preSolution
		HideSolutionNode = FALSE
	EndGlobalSection
	GlobalSection(ExtensibilityGlobals) = postSolution
		SolutionGuid = {DDF17ABC-4D19-4C59-808B-3A57CEC1705F}
	EndGlobalSection
EndGlobal
